
Microsoft Visual Studio Solution File, Format Version 12.00
# Visual Studio Version 17
VisualStudioVersion = 17.9.34622.214
MinimumVisualStudioVersion = 10.0.40219.1
Project("{FAE04EC0-301F-11D3-BF4B-00C04F79EFBC}") = "prjDEMO", "prjDEMO.csproj", "{6AF544BE-D6CF-4A31-BDAB-FDB95B6717ED}"
EndProject
Global
	GlobalSection(SolutionConfigurationPlatforms) = preSolution
		Debug|Any CPU = Debug|Any CPU
		Release|Any CPU = Release|Any CPU
	EndGlobalSection
	GlobalSection(ProjectConfigurationPlatforms) = postSolution
		{6AF544BE-D6CF-4A31-BDAB-FDB95B6717ED}.Debug|Any CPU.ActiveCfg = Debug|Any CPU
		{6AF544BE-D6CF-4A31-BDAB-FDB95B6717ED}.Debug|Any CPU.Build.0 = Debug|Any CPU
		{6AF544BE-D6CF-4A31-BDAB-FDB95B6717ED}.Release|Any CPU.ActiveCfg = Release|Any CPU
		{6AF544BE-D6CF-4A31-BDAB-FDB95B6717ED}.Release|Any CPU.Build.0 = Release|Any CPU
	EndGlobalSection
	GlobalSection(SolutionProperties) = preSolution
		HideSolutionNode = FALSE
	EndGlobalSection
	GlobalSection(ExtensibilityGlobals) = postSolution
		SolutionGuid = {89F2C5D4-9316-44DD-AB76-75FF2B9908FD}
	EndGlobalSection
EndGlobal
